
Microsoft Visual Studio Solution File, Format Version 10.00
# Visual Studio 2008
Project("{8BC9CEB8-8B4A-11D0-8D11-00A0C91BC942}") = "lmdb-dll", "lmdb-dll.vcproj", "{7A63BCF0-9E96-4098-84CA-756D2B9E1828}"
EndProject
Project("{8BC9CEB8-8B4A-11D0-8D11-00A0C91BC942}") = "lmdb-lib", "lmdb-lib.vcproj", "{6EE249D9-1852-4377-8986-70C5A1695187}"
EndProject
Project("{8BC9CEB8-8B4A-11D0-8D11-00A0C91BC942}") = "mdb_copy", "mdb_copy.vcproj", "{63CB52E5-FCC7-4FFC-846C-39A378993F3C}"
EndProject
Project("{8BC9CEB8-8B4A-11D0-8D11-00A0C91BC942}") = "mdb_drop", "mdb_drop.vcproj", "{F9C9499A-F821-4EB6-A6F7-AFF274C7C25E}"
EndProject
Project("{8BC9CEB8-8B4A-11D0-8D11-00A0C91BC942}") = "mdb_dump", "mdb_dump.vcproj", "{F5159711-B304-4769-A483-0BD3AB20A508}"
EndProject
Project("{8BC9CEB8-8B4A-11D0-8D11-00A0C91BC942}") = "mdb_load", "mdb_load.vcproj", "{D411A26C-D218-4D89-8786-2671816D2F2B}"
EndProject
Project("{8BC9CEB8-8B4A-11D0-8D11-00A0C91BC942}") = "mdb_stat", "mdb_stat.vcproj", "{3B03E74A-28A1-48FF-99AA-D0AF54F93C6A}"
EndProject
Project("{8BC9CEB8-8B4A-11D0-8D11-00A0C91BC942}") = "mtest", "mtest.vcproj", "{594BA0D5-34B4-421E-A025-326277D26402}"
EndProject
Project("{8BC9CEB8-8B4A-11D0-8D11-00A0C91BC942}") = "mtest6", "mtest6.vcproj", "{F921EBA8-64BF-4415-A7B8-44361BE76216}"
EndProject
Project("{2150E333-8FDC-42A3-9474-1A3956D46DE8}") = "Tests", "Tests", "{031244DC-2CEF-43F3-B11A-5058B513521B}"
EndProject
Project("{8BC9CEB8-8B4A-11D0-8D11-00A0C91BC942}") = "mtest2", "mtest2.vcproj", "{2F385482-23BF-4321-A91F-E8373CB54548}"
EndProject
Project("{8BC9CEB8-8B4A-11D0-8D11-00A0C91BC942}") = "mtest3", "mtest3.vcproj", "{5C82E57A-AEB7-4A56-B74F-19A3CD876705}"
EndProject
Project("{8BC9CEB8-8B4A-11D0-8D11-00A0C91BC942}") = "mtest4", "mtest4.vcproj", "{003FC081-EC4A-41F2-B52F-0CE311E0550B}"
EndProject
Project("{8BC9CEB8-8B4A-11D0-8D11-00A0C91BC942}") = "mtest5", "mtest5.vcproj", "{EA9542D6-D5B4-43B6-B24B-8C24E4DD5211}"
EndProject
Global
	GlobalSection(SolutionConfigurationPlatforms) = preSolution
		Debug|Win32 = Debug|Win32
		Release|Win32 = Release|Win32
	EndGlobalSection
	GlobalSection(ProjectConfigurationPlatforms) = postSolution
		{7A63BCF0-9E96-4098-84CA-756D2B9E1828}.Debug|Win32.ActiveCfg = Debug|Win32
		{7A63BCF0-9E96-4098-84CA-756D2B9E1828}.Debug|Win32.Build.0 = Debug|Win32
		{7A63BCF0-9E96-4098-84CA-756D2B9E1828}.Release|Win32.ActiveCfg = Release|Win32
		{7A63BCF0-9E96-4098-84CA-756D2B9E1828}.Release|Win32.Build.0 = Release|Win32
		{6EE249D9-1852-4377-8986-70C5A1695187}.Debug|Win32.ActiveCfg = Debug|Win32
		{6EE249D9-1852-4377-8986-70C5A1695187}.Debug|Win32.Build.0 = Debug|Win32
		{6EE249D9-1852-4377-8986-70C5A1695187}.Release|Win32.ActiveCfg = Release|Win32
		{6EE249D9-1852-4377-8986-70C5A1695187}.Release|Win32.Build.0 = Release|Win32
		{63CB52E5-FCC7-4FFC-846C-39A378993F3C}.Debug|Win32.ActiveCfg = Debug|Win32
		{63CB52E5-FCC7-4FFC-846C-39A378993F3C}.Debug|Win32.Build.0 = Debug|Win32
		{63CB52E5-FCC7-4FFC-846C-39A378993F3C}.Release|Win32.ActiveCfg = Release|Win32
		{63CB52E5-FCC7-4FFC-846C-39A378993F3C}.Release|Win32.Build.0 = Release|Win32
		{F9C9499A-F821-4EB6-A6F7-AFF274C7C25E}.Debug|Win32.ActiveCfg = Debug|Win32
		{F9C9499A-F821-4EB6-A6F7-AFF274C7C25E}.Debug|Win32.Build.0 = Debug|Win32
		{F9C9499A-F821-4EB6-A6F7-AFF274C7C25E}.Release|Win32.ActiveCfg = Release|Win32
		{F9C9499A-F821-4EB6-A6F7-AFF274C7C25E}.Release|Win32.Build.0 = Release|Win32
		{F5159711-B304-4769-A483-0BD3AB20A508}.Debug|Win32.ActiveCfg = Debug|Win32
		{F5159711-B304-4769-A483-0BD3AB20A508}.Debug|Win32.Build.0 = Debug|Win32
		{F5159711-B304-4769-A483-0BD3AB20A508}.Release|Win32.ActiveCfg = Release|Win32
		{F5159711-B304-4769-A483-0BD3AB20A508}.Release|Win32.Build.0 = Release|Win32
		{D411A26C-D218-4D89-8786-2671816D2F2B}.Debug|Win32.ActiveCfg = Debug|Win32
		{D411A26C-D218-4D89-8786-2671816D2F2B}.Debug|Win32.Build.0 = Debug|Win32
		{D411A26C-D218-4D89-8786-2671816D2F2B}.Release|Win32.ActiveCfg = Release|Win32
		{D411A26C-D218-4D89-8786-2671816D2F2B}.Release|Win32.Build.0 = Release|Win32
		{3B03E74A-28A1-48FF-99AA-D0AF54F93C6A}.Debug|Win32.ActiveCfg = Debug|Win32
		{3B03E74A-28A1-48FF-99AA-D0AF54F93C6A}.Debug|Win32.Build.0 = Debug|Win32
		{3B03E74A-28A1-48FF-99AA-D0AF54F93C6A}.Release|Win32.ActiveCfg = Release|Win32
		{3B03E74A-28A1-48FF-99AA-D0AF54F93C6A}.Release|Win32.Build.0 = Release|Win32
		{594BA0D5-34B4-421E-A025-326277D26402}.Debug|Win32.ActiveCfg = Debug|Win32
		{594BA0D5-34B4-421E-A025-326277D26402}.Debug|Win32.Build.0 = Debug|Win32
		{594BA0D5-34B4-421E-A025-326277D26402}.Release|Win32.ActiveCfg = Release|Win32
		{594BA0D5-34B4-421E-A025-326277D26402}.Release|Win32.Build.0 = Release|Win32
		{F921EBA8-64BF-4415-A7B8-44361BE76216}.Debug|Win32.ActiveCfg = Debug|Win32
		{F921EBA8-64BF-4415-A7B8-44361BE76216}.Debug|Win32.Build.0 = Debug|Win32
		{F921EBA8-64BF-4415-A7B8-44361BE76216}.Release|Win32.ActiveCfg = Release|Win32
		{F921EBA8-64BF-4415-A7B8-44361BE76216}.Release|Win32.Build.0 = Release|Win32
		{2F385482-23BF-4321-A91F-E8373CB54548}.Debug|Win32.ActiveCfg = Debug|Win32
		{2F385482-23BF-4321-A91F-E8373CB54548}.Debug|Win32.Build.0 = Debug|Win32
		{2F385482-23BF-4321-A91F-E8373CB54548}.Release|Win32.ActiveCfg = Release|Win32
		{2F385482-23BF-4321-A91F-E8373CB54548}.Release|Win32.Build.0 = Release|Win32
		{5C82E57A-AEB7-4A56-B74F-19A3CD876705}.Debug|Win32.ActiveCfg = Debug|Win32
		{5C82E57A-AEB7-4A56-B74F-19A3CD876705}.Debug|Win32.Build.0 = Debug|Win32
		{5C82E57A-AEB7-4A56-B74F-19A3CD876705}.Release|Win32.ActiveCfg = Release|Win32
		{5C82E57A-AEB7-4A56-B74F-19A3CD876705}.Release|Win32.Build.0 = Release|Win32
		{003FC081-EC4A-41F2-B52F-0CE311E0550B}.Debug|Win32.ActiveCfg = Debug|Win32
		{003FC081-EC4A-41F2-B52F-0CE311E0550B}.Debug|Win32.Build.0 = Debug|Win32
		{003FC081-EC4A-41F2-B52F-0CE311E0550B}.Release|Win32.ActiveCfg = Release|Win32
		{003FC081-EC4A-41F2-B52F-0CE311E0550B}.Release|Win32.Build.0 = Release|Win32
		{EA9542D6-D5B4-43B6-B24B-8C24E4DD5211}.Debug|Win32.ActiveCfg = Debug|Win32
		{EA9542D6-D5B4-43B6-B24B-8C24E4DD5211}.Debug|Win32.Build.0 = Debug|Win32
		{EA9542D6-D5B4-43B6-B24B-8C24E4DD5211}.Release|Win32.ActiveCfg = Release|Win32
		{EA9542D6-D5B4-43B6-B24B-8C24E4DD5211}.Release|Win32.Build.0 = Release|Win32
	EndGlobalSection
	GlobalSection(SolutionProperties) = preSolution
		HideSolutionNode = FALSE
	EndGlobalSection
	GlobalSection(NestedProjects) = preSolution
		{F921EBA8-64BF-4415-A7B8-44361BE76216} = {031244DC-2CEF-43F3-B11A-5058B513521B}
		{594BA0D5-34B4-421E-A025-326277D26402} = {031244DC-2CEF-43F3-B11A-5058B513521B}
		{2F385482-23BF-4321-A91F-E8373CB54548} = {031244DC-2CEF-43F3-B11A-5058B513521B}
		{5C82E57A-AEB7-4A56-B74F-19A3CD876705} = {031244DC-2CEF-43F3-B11A-5058B513521B}
		{003FC081-EC4A-41F2-B52F-0CE311E0550B} = {031244DC-2CEF-43F3-B11A-5058B513521B}
		{EA9542D6-D5B4-43B6-B24B-8C24E4DD5211} = {031244DC-2CEF-43F3-B11A-5058B513521B}
	EndGlobalSection
EndGlobal
